// !$*UTF8*$!
{
	archiveVersion = 1;
	classes = {
	};
	objectVersion = 52;
	objects = {

/* Begin PBXBuildFile section */
		940BB811B88BBB1088AA52AB /* Pods_SwiftUIGo.framework in Frameworks */ = {isa = PBXBuildFile; fileRef = F2838F3F57AE6727D472A001 /* Pods_SwiftUIGo.framework */; };
		D957CEE126858559008E6F27 /* MarkdownUI in Frameworks */ = {isa = PBXBuildFile; productRef = D957CEE026858559008E6F27 /* MarkdownUI */; };
		D957CEE4268586E5008E6F27 /* MarkdownView.swift in Sources */ = {isa = PBXBuildFile; fileRef = D957CEE3268586E5008E6F27 /* MarkdownView.swift */; };
		D9615844268308A3000DDC1F /* RootTabView.swift in Sources */ = {isa = PBXBuildFile; fileRef = D9615843268308A3000DDC1F /* RootTabView.swift */; };
		D961584926830B7A000DDC1F /* DemoView.swift in Sources */ = {isa = PBXBuildFile; fileRef = D961584826830B7A000DDC1F /* DemoView.swift */; };
		D961584C26831248000DDC1F /* SymbolsView.swift in Sources */ = {isa = PBXBuildFile; fileRef = D961584B26831248000DDC1F /* SymbolsView.swift */; };
		D961585126831624000DDC1F /* AboutUsView.swift in Sources */ = {isa = PBXBuildFile; fileRef = D961585026831624000DDC1F /* AboutUsView.swift */; };
		D961585D26833078000DDC1F /* TabNavView.swift in Sources */ = {isa = PBXBuildFile; fileRef = D961585C26833078000DDC1F /* TabNavView.swift */; };
		D9A0E34E267B3DF500C84DFD /* SwiftUIGoApp.swift in Sources */ = {isa = PBXBuildFile; fileRef = D9A0E34D267B3DF500C84DFD /* SwiftUIGoApp.swift */; };
		D9A0E352267B3DF500C84DFD /* Assets.xcassets in Resources */ = {isa = PBXBuildFile; fileRef = D9A0E351267B3DF500C84DFD /* Assets.xcassets */; };
		D9A0E355267B3DF500C84DFD /* Preview Assets.xcassets in Resources */ = {isa = PBXBuildFile; fileRef = D9A0E354267B3DF500C84DFD /* Preview Assets.xcassets */; };
		D9A0E377267B4DDA00C84DFD /* MaterialView.swift in Sources */ = {isa = PBXBuildFile; fileRef = D9A0E376267B4DDA00C84DFD /* MaterialView.swift */; };
		D9A0E37F267B508700C84DFD /* MaterialDetailView.swift in Sources */ = {isa = PBXBuildFile; fileRef = D9A0E37E267B508700C84DFD /* MaterialDetailView.swift */; };
		D9A0E383267B535F00C84DFD /* SettingsView.swift in Sources */ = {isa = PBXBuildFile; fileRef = D9A0E382267B535F00C84DFD /* SettingsView.swift */; };
		D9A0E3A9267B552000C84DFD /* Symbols.swift in Sources */ = {isa = PBXBuildFile; fileRef = D9A0E3A8267B552000C84DFD /* Symbols.swift */; };
		D9A3B11626842E8C00A9BC39 /* MaterialTutorialView.swift in Sources */ = {isa = PBXBuildFile; fileRef = D9A3B11526842E8C00A9BC39 /* MaterialTutorialView.swift */; };
		D9A3B11D2684595700A9BC39 /* material1.html in Resources */ = {isa = PBXBuildFile; fileRef = D9A3B11C2684595700A9BC39 /* material1.html */; };
		D9A3B12126845A8A00A9BC39 /* Utilities.swift in Sources */ = {isa = PBXBuildFile; fileRef = D9A3B12026845A8A00A9BC39 /* Utilities.swift */; };
		D9A3B12E2684600500A9BC39 /* material1.md in Resources */ = {isa = PBXBuildFile; fileRef = D9A3B12D2684600500A9BC39 /* material1.md */; };
		D9A3B14826847D6F00A9BC39 /* MaterialWKWebView.swift in Sources */ = {isa = PBXBuildFile; fileRef = D9A3B14726847D6F00A9BC39 /* MaterialWKWebView.swift */; };
		D9EF34A926818C670059C135 /* LaunchScreen.storyboard in Resources */ = {isa = PBXBuildFile; fileRef = D9EF34A826818C670059C135 /* LaunchScreen.storyboard */; };
		D9EF34B1268194080059C135 /* MaterialCell.swift in Sources */ = {isa = PBXBuildFile; fileRef = D9EF34B0268194080059C135 /* MaterialCell.swift */; };
		D9EF34B42681B6DB0059C135 /* Test.storyboard in Resources */ = {isa = PBXBuildFile; fileRef = D9EF34B32681B6DB0059C135 /* Test.storyboard */; };
		D9EF34B72681B8100059C135 /* Colors.swift in Sources */ = {isa = PBXBuildFile; fileRef = D9EF34B62681B8100059C135 /* Colors.swift */; };
		D9EF34BD2681C1C00059C135 /* Material.swift in Sources */ = {isa = PBXBuildFile; fileRef = D9EF34BC2681C1C00059C135 /* Material.swift */; };
		D9EF34C12681D2B00059C135 /* MockData.swift in Sources */ = {isa = PBXBuildFile; fileRef = D9EF34C02681D2B00059C135 /* MockData.swift */; };
		D9EF34C42681D4340059C135 /* Defines.swift in Sources */ = {isa = PBXBuildFile; fileRef = D9EF34C32681D4340059C135 /* Defines.swift */; };
		D9EF34C92681D7040059C135 /* InfoPlist.strings in Resources */ = {isa = PBXBuildFile; fileRef = D9EF34CB2681D7040059C135 /* InfoPlist.strings */; };
		D9EF34D22681DA7F0059C135 /* Localizable.strings in Resources */ = {isa = PBXBuildFile; fileRef = D9EF34D42681DA7F0059C135 /* Localizable.strings */; };
		D9EF34DB2681E7570059C135 /* ExpandMaterial.json in Resources */ = {isa = PBXBuildFile; fileRef = D9EF34DA2681E7570059C135 /* ExpandMaterial.json */; };
		D9EF34DF2681EC280059C135 /* DisclosureGroupView.swift in Sources */ = {isa = PBXBuildFile; fileRef = D9EF34DE2681EC280059C135 /* DisclosureGroupView.swift */; };
/* End PBXBuildFile section */

/* Begin PBXFileReference section */
		1E4C53A411F100066BC8C5D6 /* Pods-SwiftUIGo.release.xcconfig */ = {isa = PBXFileReference; includeInIndex = 1; lastKnownFileType = text.xcconfig; name = "Pods-SwiftUIGo.release.xcconfig"; path = "Target Support Files/Pods-SwiftUIGo/Pods-SwiftUIGo.release.xcconfig"; sourceTree = "<group>"; };
		D957CEE3268586E5008E6F27 /* MarkdownView.swift */ = {isa = PBXFileReference; lastKnownFileType = sourcecode.swift; path = MarkdownView.swift; sourceTree = "<group>"; };
		D9615843268308A3000DDC1F /* RootTabView.swift */ = {isa = PBXFileReference; lastKnownFileType = sourcecode.swift; path = RootTabView.swift; sourceTree = "<group>"; };
		D961584826830B7A000DDC1F /* DemoView.swift */ = {isa = PBXFileReference; lastKnownFileType = sourcecode.swift; path = DemoView.swift; sourceTree = "<group>"; };
		D961584B26831248000DDC1F /* SymbolsView.swift */ = {isa = PBXFileReference; lastKnownFileType = sourcecode.swift; path = SymbolsView.swift; sourceTree = "<group>"; };
		D961585026831624000DDC1F /* AboutUsView.swift */ = {isa = PBXFileReference; lastKnownFileType = sourcecode.swift; path = AboutUsView.swift; sourceTree = "<group>"; };
		D961585C26833078000DDC1F /* TabNavView.swift */ = {isa = PBXFileReference; lastKnownFileType = sourcecode.swift; path = TabNavView.swift; sourceTree = "<group>"; };
		D9A0E34A267B3DF500C84DFD /* SwiftUIGo.app */ = {isa = PBXFileReference; explicitFileType = wrapper.application; includeInIndex = 0; path = SwiftUIGo.app; sourceTree = BUILT_PRODUCTS_DIR; };
		D9A0E34D267B3DF500C84DFD /* SwiftUIGoApp.swift */ = {isa = PBXFileReference; lastKnownFileType = sourcecode.swift; path = SwiftUIGoApp.swift; sourceTree = "<group>"; };
		D9A0E351267B3DF500C84DFD /* Assets.xcassets */ = {isa = PBXFileReference; lastKnownFileType = folder.assetcatalog; path = Assets.xcassets; sourceTree = "<group>"; };
		D9A0E354267B3DF500C84DFD /* Preview Assets.xcassets */ = {isa = PBXFileReference; lastKnownFileType = folder.assetcatalog; path = "Preview Assets.xcassets"; sourceTree = "<group>"; };
		D9A0E356267B3DF500C84DFD /* Info.plist */ = {isa = PBXFileReference; lastKnownFileType = text.plist.xml; path = Info.plist; sourceTree = "<group>"; };
		D9A0E35E267B3E8000C84DFD /* SwiftUIGo.entitlements */ = {isa = PBXFileReference; lastKnownFileType = text.plist.entitlements; path = SwiftUIGo.entitlements; sourceTree = "<group>"; };
		D9A0E376267B4DDA00C84DFD /* MaterialView.swift */ = {isa = PBXFileReference; lastKnownFileType = sourcecode.swift; path = MaterialView.swift; sourceTree = "<group>"; };
		D9A0E37E267B508700C84DFD /* MaterialDetailView.swift */ = {isa = PBXFileReference; lastKnownFileType = sourcecode.swift; path = MaterialDetailView.swift; sourceTree = "<group>"; };
		D9A0E382267B535F00C84DFD /* SettingsView.swift */ = {isa = PBXFileReference; lastKnownFileType = sourcecode.swift; path = SettingsView.swift; sourceTree = "<group>"; };
		D9A0E3A8267B552000C84DFD /* Symbols.swift */ = {isa = PBXFileReference; lastKnownFileType = sourcecode.swift; path = Symbols.swift; sourceTree = "<group>"; };
		D9A3B11526842E8C00A9BC39 /* MaterialTutorialView.swift */ = {isa = PBXFileReference; lastKnownFileType = sourcecode.swift; path = MaterialTutorialView.swift; sourceTree = "<group>"; };
		D9A3B11C2684595700A9BC39 /* material1.html */ = {isa = PBXFileReference; lastKnownFileType = text.html; path = material1.html; sourceTree = "<group>"; };
		D9A3B12026845A8A00A9BC39 /* Utilities.swift */ = {isa = PBXFileReference; lastKnownFileType = sourcecode.swift; path = Utilities.swift; sourceTree = "<group>"; };
		D9A3B12D2684600500A9BC39 /* material1.md */ = {isa = PBXFileReference; lastKnownFileType = net.daringfireball.markdown; path = material1.md; sourceTree = "<group>"; };
		D9A3B14726847D6F00A9BC39 /* MaterialWKWebView.swift */ = {isa = PBXFileReference; lastKnownFileType = sourcecode.swift; path = MaterialWKWebView.swift; sourceTree = "<group>"; };
		D9EF34A826818C670059C135 /* LaunchScreen.storyboard */ = {isa = PBXFileReference; lastKnownFileType = file.storyboard; path = LaunchScreen.storyboard; sourceTree = "<group>"; };
		D9EF34B0268194080059C135 /* MaterialCell.swift */ = {isa = PBXFileReference; lastKnownFileType = sourcecode.swift; path = MaterialCell.swift; sourceTree = "<group>"; };
		D9EF34B32681B6DB0059C135 /* Test.storyboard */ = {isa = PBXFileReference; lastKnownFileType = file.storyboard; path = Test.storyboard; sourceTree = "<group>"; };
		D9EF34B62681B8100059C135 /* Colors.swift */ = {isa = PBXFileReference; lastKnownFileType = sourcecode.swift; path = Colors.swift; sourceTree = "<group>"; };
		D9EF34BC2681C1C00059C135 /* Material.swift */ = {isa = PBXFileReference; lastKnownFileType = sourcecode.swift; path = Material.swift; sourceTree = "<group>"; };
		D9EF34C02681D2B00059C135 /* MockData.swift */ = {isa = PBXFileReference; lastKnownFileType = sourcecode.swift; path = MockData.swift; sourceTree = "<group>"; };
		D9EF34C32681D4340059C135 /* Defines.swift */ = {isa = PBXFileReference; lastKnownFileType = sourcecode.swift; path = Defines.swift; sourceTree = "<group>"; };
		D9EF34CA2681D7040059C135 /* en */ = {isa = PBXFileReference; lastKnownFileType = text.plist.strings; name = en; path = en.lproj/InfoPlist.strings; sourceTree = "<group>"; };
		D9EF34CD2681D7140059C135 /* zh-Hans */ = {isa = PBXFileReference; lastKnownFileType = text.plist.strings; name = "zh-Hans"; path = "zh-Hans.lproj/InfoPlist.strings"; sourceTree = "<group>"; };
		D9EF34D32681DA7F0059C135 /* zh-Hans */ = {isa = PBXFileReference; lastKnownFileType = text.plist.strings; name = "zh-Hans"; path = "zh-Hans.lproj/Localizable.strings"; sourceTree = "<group>"; };
		D9EF34D62681DA820059C135 /* en */ = {isa = PBXFileReference; lastKnownFileType = text.plist.strings; name = en; path = en.lproj/Localizable.strings; sourceTree = "<group>"; };
		D9EF34DA2681E7570059C135 /* ExpandMaterial.json */ = {isa = PBXFileReference; lastKnownFileType = text.json; path = ExpandMaterial.json; sourceTree = "<group>"; };
		D9EF34DE2681EC280059C135 /* DisclosureGroupView.swift */ = {isa = PBXFileReference; lastKnownFileType = sourcecode.swift; path = DisclosureGroupView.swift; sourceTree = "<group>"; };
		F2838F3F57AE6727D472A001 /* Pods_SwiftUIGo.framework */ = {isa = PBXFileReference; explicitFileType = wrapper.framework; includeInIndex = 0; path = Pods_SwiftUIGo.framework; sourceTree = BUILT_PRODUCTS_DIR; };
		FC9AA80018C9EF6D09174246 /* Pods-SwiftUIGo.debug.xcconfig */ = {isa = PBXFileReference; includeInIndex = 1; lastKnownFileType = text.xcconfig; name = "Pods-SwiftUIGo.debug.xcconfig"; path = "Target Support Files/Pods-SwiftUIGo/Pods-SwiftUIGo.debug.xcconfig"; sourceTree = "<group>"; };
/* End PBXFileReference section */

/* Begin PBXFrameworksBuildPhase section */
		D9A0E347267B3DF500C84DFD /* Frameworks */ = {
			isa = PBXFrameworksBuildPhase;
			buildActionMask = 2147483647;
			files = (
				D957CEE126858559008E6F27 /* MarkdownUI in Frameworks */,
				940BB811B88BBB1088AA52AB /* Pods_SwiftUIGo.framework in Frameworks */,
			);
			runOnlyForDeploymentPostprocessing = 0;
		};
/* End PBXFrameworksBuildPhase section */

/* Begin PBXGroup section */
		2C213531430B17A08193784F /* Frameworks */ = {
			isa = PBXGroup;
			children = (
				F2838F3F57AE6727D472A001 /* Pods_SwiftUIGo.framework */,
			);
			name = Frameworks;
			sourceTree = "<group>";
		};
		D961583E26830886000DDC1F /* TabView */ = {
			isa = PBXGroup;
			children = (
				D9615843268308A3000DDC1F /* RootTabView.swift */,
			);
			path = TabView;
			sourceTree = "<group>";
		};
		D961584726830B66000DDC1F /* DemoView */ = {
			isa = PBXGroup;
			children = (
				D961584826830B7A000DDC1F /* DemoView.swift */,
				D961584B26831248000DDC1F /* SymbolsView.swift */,
				D961585C26833078000DDC1F /* TabNavView.swift */,
			);
			path = DemoView;
			sourceTree = "<group>";
		};
		D9A0E341267B3DF500C84DFD = {
			isa = PBXGroup;
			children = (
				D961584726830B66000DDC1F /* DemoView */,
				D961583E26830886000DDC1F /* TabView */,
				D9EF34B92681BC050059C135 /* Resources */,
				D9A0E3A7267B550F00C84DFD /* Commons */,
				D9A0E381267B535600C84DFD /* Settings */,
				D9A0E375267B4D0500C84DFD /* Material */,
				D9A0E34C267B3DF500C84DFD /* SwiftUIGo */,
				D9A0E34B267B3DF500C84DFD /* Products */,
				F48BDAE2003453E57CD665DD /* Pods */,
				2C213531430B17A08193784F /* Frameworks */,
			);
			sourceTree = "<group>";
		};
		D9A0E34B267B3DF500C84DFD /* Products */ = {
			isa = PBXGroup;
			children = (
				D9A0E34A267B3DF500C84DFD /* SwiftUIGo.app */,
			);
			name = Products;
			sourceTree = "<group>";
		};
		D9A0E34C267B3DF500C84DFD /* SwiftUIGo */ = {
			isa = PBXGroup;
			children = (
				D9A0E35E267B3E8000C84DFD /* SwiftUIGo.entitlements */,
				D9A0E34D267B3DF500C84DFD /* SwiftUIGoApp.swift */,
				D9A0E351267B3DF500C84DFD /* Assets.xcassets */,
				D9EF34B32681B6DB0059C135 /* Test.storyboard */,
				D9EF34A826818C670059C135 /* LaunchScreen.storyboard */,
				D9A0E356267B3DF500C84DFD /* Info.plist */,
				D9A0E353267B3DF500C84DFD /* Preview Content */,
			);
			path = SwiftUIGo;
			sourceTree = "<group>";
		};
		D9A0E353267B3DF500C84DFD /* Preview Content */ = {
			isa = PBXGroup;
			children = (
				D9A0E354267B3DF500C84DFD /* Preview Assets.xcassets */,
			);
			path = "Preview Content";
			sourceTree = "<group>";
		};
		D9A0E375267B4D0500C84DFD /* Material */ = {
			isa = PBXGroup;
			children = (
				D9EF34BB2681C15E0059C135 /* Models */,
				D9A0E37C267B500600C84DFD /* SupportViews */,
				D9A0E376267B4DDA00C84DFD /* MaterialView.swift */,
				D9A0E37E267B508700C84DFD /* MaterialDetailView.swift */,
				D9A3B11526842E8C00A9BC39 /* MaterialTutorialView.swift */,
			);
			path = Material;
			sourceTree = "<group>";
		};
		D9A0E37C267B500600C84DFD /* SupportViews */ = {
			isa = PBXGroup;
			children = (
				D9EF34B0268194080059C135 /* MaterialCell.swift */,
				D9EF34DE2681EC280059C135 /* DisclosureGroupView.swift */,
				D9A3B14726847D6F00A9BC39 /* MaterialWKWebView.swift */,
				D957CEE3268586E5008E6F27 /* MarkdownView.swift */,
			);
			path = SupportViews;
			sourceTree = "<group>";
		};
		D9A0E381267B535600C84DFD /* Settings */ = {
			isa = PBXGroup;
			children = (
				D9A0E382267B535F00C84DFD /* SettingsView.swift */,
				D961585026831624000DDC1F /* AboutUsView.swift */,
			);
			path = Settings;
			sourceTree = "<group>";
		};
		D9A0E3A7267B550F00C84DFD /* Commons */ = {
			isa = PBXGroup;
			children = (
				D9A0E3A8267B552000C84DFD /* Symbols.swift */,
				D9EF34B62681B8100059C135 /* Colors.swift */,
				D9EF34C32681D4340059C135 /* Defines.swift */,
				D9A3B12026845A8A00A9BC39 /* Utilities.swift */,
			);
			path = Commons;
			sourceTree = "<group>";
		};
		D9A3B11B2684593800A9BC39 /* materials */ = {
			isa = PBXGroup;
			children = (
				D9A3B11C2684595700A9BC39 /* material1.html */,
				D9A3B12D2684600500A9BC39 /* material1.md */,
			);
			path = materials;
			sourceTree = "<group>";
		};
		D9EF34B92681BC050059C135 /* Resources */ = {
			isa = PBXGroup;
			children = (
				D9EF34CB2681D7040059C135 /* InfoPlist.strings */,
				D9EF34D42681DA7F0059C135 /* Localizable.strings */,
				D9EF34DA2681E7570059C135 /* ExpandMaterial.json */,
				D9A3B11B2684593800A9BC39 /* materials */,
			);
			path = Resources;
			sourceTree = "<group>";
		};
		D9EF34BB2681C15E0059C135 /* Models */ = {
			isa = PBXGroup;
			children = (
				D9EF34BC2681C1C00059C135 /* Material.swift */,
				D9EF34C02681D2B00059C135 /* MockData.swift */,
			);
			path = Models;
			sourceTree = "<group>";
		};
		F48BDAE2003453E57CD665DD /* Pods */ = {
			isa = PBXGroup;
			children = (
				FC9AA80018C9EF6D09174246 /* Pods-SwiftUIGo.debug.xcconfig */,
				1E4C53A411F100066BC8C5D6 /* Pods-SwiftUIGo.release.xcconfig */,
			);
			path = Pods;
			sourceTree = "<group>";
		};
/* End PBXGroup section */

/* Begin PBXNativeTarget section */
		D9A0E349267B3DF500C84DFD /* SwiftUIGo */ = {
			isa = PBXNativeTarget;
			buildConfigurationList = D9A0E359267B3DF500C84DFD /* Build configuration list for PBXNativeTarget "SwiftUIGo" */;
			buildPhases = (
				A33FC0A59FDE78A583075F95 /* [CP] Check Pods Manifest.lock */,
				D9A0E346267B3DF500C84DFD /* Sources */,
				D9A0E347267B3DF500C84DFD /* Frameworks */,
				D9A0E348267B3DF500C84DFD /* Resources */,
			);
			buildRules = (
			);
			dependencies = (
			);
			name = SwiftUIGo;
			packageProductDependencies = (
				D957CEE026858559008E6F27 /* MarkdownUI */,
			);
			productName = SwiftUIGo;
			productReference = D9A0E34A267B3DF500C84DFD /* SwiftUIGo.app */;
			productType = "com.apple.product-type.application";
		};
/* End PBXNativeTarget section */

/* Begin PBXProject section */
		D9A0E342267B3DF500C84DFD /* Project object */ = {
			isa = PBXProject;
			attributes = {
				LastSwiftUpdateCheck = 1230;
				LastUpgradeCheck = 1230;
				TargetAttributes = {
					D9A0E349267B3DF500C84DFD = {
						CreatedOnToolsVersion = 12.3;
					};
				};
			};
			buildConfigurationList = D9A0E345267B3DF500C84DFD /* Build configuration list for PBXProject "SwiftUIGo" */;
			compatibilityVersion = "Xcode 9.3";
			developmentRegion = en;
			hasScannedForEncodings = 0;
			knownRegions = (
				en,
				Base,
				"zh-Hans",
			);
			mainGroup = D9A0E341267B3DF500C84DFD;
			packageReferences = (
				D957CEDF26858559008E6F27 /* XCRemoteSwiftPackageReference "MarkdownUI" */,
			);
			productRefGroup = D9A0E34B267B3DF500C84DFD /* Products */;
			projectDirPath = "";
			projectRoot = "";
			targets = (
				D9A0E349267B3DF500C84DFD /* SwiftUIGo */,
			);
		};
/* End PBXProject section */

/* Begin PBXResourcesBuildPhase section */
		D9A0E348267B3DF500C84DFD /* Resources */ = {
			isa = PBXResourcesBuildPhase;
			buildActionMask = 2147483647;
			files = (
				D9EF34DB2681E7570059C135 /* ExpandMaterial.json in Resources */,
				D9A3B11D2684595700A9BC39 /* material1.html in Resources */,
				D9EF34A926818C670059C135 /* LaunchScreen.storyboard in Resources */,
				D9EF34D22681DA7F0059C135 /* Localizable.strings in Resources */,
				D9A3B12E2684600500A9BC39 /* material1.md in Resources */,
				D9A0E355267B3DF500C84DFD /* Preview Assets.xcassets in Resources */,
				D9EF34B42681B6DB0059C135 /* Test.storyboard in Resources */,
				D9A0E352267B3DF500C84DFD /* Assets.xcassets in Resources */,
				D9EF34C92681D7040059C135 /* InfoPlist.strings in Resources */,
			);
			runOnlyForDeploymentPostprocessing = 0;
		};
/* End PBXResourcesBuildPhase section */

/* Begin PBXShellScriptBuildPhase section */
		A33FC0A59FDE78A583075F95 /* [CP] Check Pods Manifest.lock */ = {
			isa = PBXShellScriptBuildPhase;
			buildActionMask = 2147483647;
			files = (
			);
			inputFileListPaths = (
			);
			inputPaths = (
				"${PODS_PODFILE_DIR_PATH}/Podfile.lock",
				"${PODS_ROOT}/Manifest.lock",
			);
			name = "[CP] Check Pods Manifest.lock";
			outputFileListPaths = (
			);
			outputPaths = (
				"$(DERIVED_FILE_DIR)/Pods-SwiftUIGo-checkManifestLockResult.txt",
			);
			runOnlyForDeploymentPostprocessing = 0;
			shellPath = /bin/sh;
			shellScript = "diff \"${PODS_PODFILE_DIR_PATH}/Podfile.lock\" \"${PODS_ROOT}/Manifest.lock\" > /dev/null\nif [ $? != 0 ] ; then\n    # print error to STDERR\n    echo \"error: The sandbox is not in sync with the Podfile.lock. Run 'pod install' or update your CocoaPods installation.\" >&2\n    exit 1\nfi\n# This output is used by Xcode 'outputs' to avoid re-running this script phase.\necho \"SUCCESS\" > \"${SCRIPT_OUTPUT_FILE_0}\"\n";
			showEnvVarsInLog = 0;
		};
/* End PBXShellScriptBuildPhase section */

/* Begin PBXSourcesBuildPhase section */
		D9A0E346267B3DF500C84DFD /* Sources */ = {
			isa = PBXSourcesBuildPhase;
			buildActionMask = 2147483647;
			files = (
				D9EF34BD2681C1C00059C135 /* Material.swift in Sources */,
				D961585126831624000DDC1F /* AboutUsView.swift in Sources */,
				D961585D26833078000DDC1F /* TabNavView.swift in Sources */,
				D957CEE4268586E5008E6F27 /* MarkdownView.swift in Sources */,
				D9A0E3A9267B552000C84DFD /* Symbols.swift in Sources */,
				D961584C26831248000DDC1F /* SymbolsView.swift in Sources */,
				D9A3B11626842E8C00A9BC39 /* MaterialTutorialView.swift in Sources */,
				D9A3B14826847D6F00A9BC39 /* MaterialWKWebView.swift in Sources */,
				D9A0E377267B4DDA00C84DFD /* MaterialView.swift in Sources */,
				D9EF34B1268194080059C135 /* MaterialCell.swift in Sources */,
				D9EF34C12681D2B00059C135 /* MockData.swift in Sources */,
				D9EF34B72681B8100059C135 /* Colors.swift in Sources */,
				D9EF34DF2681EC280059C135 /* DisclosureGroupView.swift in Sources */,
				D9A0E383267B535F00C84DFD /* SettingsView.swift in Sources */,
				D9615844268308A3000DDC1F /* RootTabView.swift in Sources */,
				D9A3B12126845A8A00A9BC39 /* Utilities.swift in Sources */,
				D9A0E34E267B3DF500C84DFD /* SwiftUIGoApp.swift in Sources */,
				D9EF34C42681D4340059C135 /* Defines.swift in Sources */,
				D9A0E37F267B508700C84DFD /* MaterialDetailView.swift in Sources */,
				D961584926830B7A000DDC1F /* DemoView.swift in Sources */,
			);
			runOnlyForDeploymentPostprocessing = 0;
		};
/* End PBXSourcesBuildPhase section */

/* Begin PBXVariantGroup section */
		D9EF34CB2681D7040059C135 /* InfoPlist.strings */ = {
			isa = PBXVariantGroup;
			children = (
				D9EF34CA2681D7040059C135 /* en */,
				D9EF34CD2681D7140059C135 /* zh-Hans */,
			);
			name = InfoPlist.strings;
			sourceTree = "<group>";
		};
		D9EF34D42681DA7F0059C135 /* Localizable.strings */ = {
			isa = PBXVariantGroup;
			children = (
				D9EF34D32681DA7F0059C135 /* zh-Hans */,
				D9EF34D62681DA820059C135 /* en */,
			);
			name = Localizable.strings;
			sourceTree = "<group>";
		};
/* End PBXVariantGroup section */

/* Begin XCBuildConfiguration section */
		D9A0E357267B3DF500C84DFD /* Debug */ = {
			isa = XCBuildConfiguration;
			buildSettings = {
				ALWAYS_SEARCH_USER_PATHS = NO;
				CLANG_ANALYZER_LOCALIZABILITY_NONLOCALIZED = YES;
				CLANG_ANALYZER_NONNULL = YES;
				CLANG_ANALYZER_NUMBER_OBJECT_CONVERSION = YES_AGGRESSIVE;
				CLANG_CXX_LANGUAGE_STANDARD = "gnu++14";
				CLANG_CXX_LIBRARY = "libc++";
				CLANG_ENABLE_MODULES = YES;
				CLANG_ENABLE_OBJC_ARC = YES;
				CLANG_ENABLE_OBJC_WEAK = YES;
				CLANG_WARN_BLOCK_CAPTURE_AUTORELEASING = YES;
				CLANG_WARN_BOOL_CONVERSION = YES;
				CLANG_WARN_COMMA = YES;
				CLANG_WARN_CONSTANT_CONVERSION = YES;
				CLANG_WARN_DEPRECATED_OBJC_IMPLEMENTATIONS = YES;
				CLANG_WARN_DIRECT_OBJC_ISA_USAGE = YES_ERROR;
				CLANG_WARN_DOCUMENTATION_COMMENTS = YES;
				CLANG_WARN_EMPTY_BODY = YES;
				CLANG_WARN_ENUM_CONVERSION = YES;
				CLANG_WARN_INFINITE_RECURSION = YES;
				CLANG_WARN_INT_CONVERSION = YES;
				CLANG_WARN_NON_LITERAL_NULL_CONVERSION = YES;
				CLANG_WARN_OBJC_IMPLICIT_RETAIN_SELF = YES;
				CLANG_WARN_OBJC_LITERAL_CONVERSION = YES;
				CLANG_WARN_OBJC_ROOT_CLASS = YES_ERROR;
				CLANG_WARN_QUOTED_INCLUDE_IN_FRAMEWORK_HEADER = YES;
				CLANG_WARN_RANGE_LOOP_ANALYSIS = YES;
				CLANG_WARN_STRICT_PROTOTYPES = YES;
				CLANG_WARN_SUSPICIOUS_MOVE = YES;
				CLANG_WARN_UNGUARDED_AVAILABILITY = YES_AGGRESSIVE;
				CLANG_WARN_UNREACHABLE_CODE = YES;
				CLANG_WARN__DUPLICATE_METHOD_MATCH = YES;
				COPY_PHASE_STRIP = NO;
				DEBUG_INFORMATION_FORMAT = dwarf;
				ENABLE_STRICT_OBJC_MSGSEND = YES;
				ENABLE_TESTABILITY = YES;
				GCC_C_LANGUAGE_STANDARD = gnu11;
				GCC_DYNAMIC_NO_PIC = NO;
				GCC_NO_COMMON_BLOCKS = YES;
				GCC_OPTIMIZATION_LEVEL = 0;
				GCC_PREPROCESSOR_DEFINITIONS = (
					"DEBUG=1",
					"$(inherited)",
				);
				GCC_WARN_64_TO_32_BIT_CONVERSION = YES;
				GCC_WARN_ABOUT_RETURN_TYPE = YES_ERROR;
				GCC_WARN_UNDECLARED_SELECTOR = YES;
				GCC_WARN_UNINITIALIZED_AUTOS = YES_AGGRESSIVE;
				GCC_WARN_UNUSED_FUNCTION = YES;
				GCC_WARN_UNUSED_VARIABLE = YES;
				IPHONEOS_DEPLOYMENT_TARGET = 14.0;
				MTL_ENABLE_DEBUG_INFO = INCLUDE_SOURCE;
				MTL_FAST_MATH = YES;
				ONLY_ACTIVE_ARCH = YES;
				SDKROOT = iphoneos;
				SWIFT_ACTIVE_COMPILATION_CONDITIONS = DEBUG;
				SWIFT_OPTIMIZATION_LEVEL = "-Onone";
			};
			name = Debug;
		};
		D9A0E358267B3DF500C84DFD /* Release */ = {
			isa = XCBuildConfiguration;
			buildSettings = {
				ALWAYS_SEARCH_USER_PATHS = NO;
				CLANG_ANALYZER_LOCALIZABILITY_NONLOCALIZED = YES;
				CLANG_ANALYZER_NONNULL = YES;
				CLANG_ANALYZER_NUMBER_OBJECT_CONVERSION = YES_AGGRESSIVE;
				CLANG_CXX_LANGUAGE_STANDARD = "gnu++14";
				CLANG_CXX_LIBRARY = "libc++";
				CLANG_ENABLE_MODULES = YES;
				CLANG_ENABLE_OBJC_ARC = YES;
				CLANG_ENABLE_OBJC_WEAK = YES;
				CLANG_WARN_BLOCK_CAPTURE_AUTORELEASING = YES;
				CLANG_WARN_BOOL_CONVERSION = YES;
				CLANG_WARN_COMMA = YES;
				CLANG_WARN_CONSTANT_CONVERSION = YES;
				CLANG_WARN_DEPRECATED_OBJC_IMPLEMENTATIONS = YES;
				CLANG_WARN_DIRECT_OBJC_ISA_USAGE = YES_ERROR;
				CLANG_WARN_DOCUMENTATION_COMMENTS = YES;
				CLANG_WARN_EMPTY_BODY = YES;
				CLANG_WARN_ENUM_CONVERSION = YES;
				CLANG_WARN_INFINITE_RECURSION = YES;
				CLANG_WARN_INT_CONVERSION = YES;
				CLANG_WARN_NON_LITERAL_NULL_CONVERSION = YES;
				CLANG_WARN_OBJC_IMPLICIT_RETAIN_SELF = YES;
				CLANG_WARN_OBJC_LITERAL_CONVERSION = YES;
				CLANG_WARN_OBJC_ROOT_CLASS = YES_ERROR;
				CLANG_WARN_QUOTED_INCLUDE_IN_FRAMEWORK_HEADER = YES;
				CLANG_WARN_RANGE_LOOP_ANALYSIS = YES;
				CLANG_WARN_STRICT_PROTOTYPES = YES;
				CLANG_WARN_SUSPICIOUS_MOVE = YES;
				CLANG_WARN_UNGUARDED_AVAILABILITY = YES_AGGRESSIVE;
				CLANG_WARN_UNREACHABLE_CODE = YES;
				CLANG_WARN__DUPLICATE_METHOD_MATCH = YES;
				COPY_PHASE_STRIP = NO;
				DEBUG_INFORMATION_FORMAT = "dwarf-with-dsym";
				ENABLE_NS_ASSERTIONS = NO;
				ENABLE_STRICT_OBJC_MSGSEND = YES;
				GCC_C_LANGUAGE_STANDARD = gnu11;
				GCC_NO_COMMON_BLOCKS = YES;
				GCC_WARN_64_TO_32_BIT_CONVERSION = YES;
				GCC_WARN_ABOUT_RETURN_TYPE = YES_ERROR;
				GCC_WARN_UNDECLARED_SELECTOR = YES;
				GCC_WARN_UNINITIALIZED_AUTOS = YES_AGGRESSIVE;
				GCC_WARN_UNUSED_FUNCTION = YES;
				GCC_WARN_UNUSED_VARIABLE = YES;
				IPHONEOS_DEPLOYMENT_TARGET = 14.0;
				MTL_ENABLE_DEBUG_INFO = NO;
				MTL_FAST_MATH = YES;
				SDKROOT = iphoneos;
				SWIFT_COMPILATION_MODE = wholemodule;
				SWIFT_OPTIMIZATION_LEVEL = "-O";
				VALIDATE_PRODUCT = YES;
			};
			name = Release;
		};
		D9A0E35A267B3DF500C84DFD /* Debug */ = {
			isa = XCBuildConfiguration;
			baseConfigurationReference = FC9AA80018C9EF6D09174246 /* Pods-SwiftUIGo.debug.xcconfig */;
			buildSettings = {
				ASSETCATALOG_COMPILER_APPICON_NAME = AppIcon;
				ASSETCATALOG_COMPILER_GLOBAL_ACCENT_COLOR_NAME = AccentColor;
				ASSETCATALOG_COMPILER_LAUNCHIMAGE_NAME = "";
				CODE_SIGN_ENTITLEMENTS = SwiftUIGo/SwiftUIGo.entitlements;
				"CODE_SIGN_IDENTITY[sdk=macosx*]" = "-";
				CODE_SIGN_STYLE = Automatic;
				DEVELOPMENT_ASSET_PATHS = "\"SwiftUIGo/Preview Content\"";
				DEVELOPMENT_TEAM = "";
				ENABLE_PREVIEWS = YES;
				INFOPLIST_FILE = SwiftUIGo/Info.plist;
				IPHONEOS_DEPLOYMENT_TARGET = 14.0;
				LD_RUNPATH_SEARCH_PATHS = (
					"$(inherited)",
					"@executable_path/Frameworks",
				);
				PRODUCT_BUNDLE_IDENTIFIER = paopao.design.SwiftUIGo;
				PRODUCT_NAME = "$(TARGET_NAME)";
				SUPPORTS_MACCATALYST = YES;
				SWIFT_VERSION = 5.0;
				TARGETED_DEVICE_FAMILY = "1,2";
			};
			name = Debug;
		};
		D9A0E35B267B3DF500C84DFD /* Release */ = {
			isa = XCBuildConfiguration;
			baseConfigurationReference = 1E4C53A411F100066BC8C5D6 /* Pods-SwiftUIGo.release.xcconfig */;
			buildSettings = {
				ASSETCATALOG_COMPILER_APPICON_NAME = AppIcon;
				ASSETCATALOG_COMPILER_GLOBAL_ACCENT_COLOR_NAME = AccentColor;
				ASSETCATALOG_COMPILER_LAUNCHIMAGE_NAME = "";
				CODE_SIGN_ENTITLEMENTS = SwiftUIGo/SwiftUIGo.entitlements;
				"CODE_SIGN_IDENTITY[sdk=macosx*]" = "-";
				CODE_SIGN_STYLE = Automatic;
				DEVELOPMENT_ASSET_PATHS = "\"SwiftUIGo/Preview Content\"";
				DEVELOPMENT_TEAM = "";
				ENABLE_PREVIEWS = YES;
				INFOPLIST_FILE = SwiftUIGo/Info.plist;
				IPHONEOS_DEPLOYMENT_TARGET = 14.0;
				LD_RUNPATH_SEARCH_PATHS = (
					"$(inherited)",
					"@executable_path/Frameworks",
				);
				PRODUCT_BUNDLE_IDENTIFIER = paopao.design.SwiftUIGo;
				PRODUCT_NAME = "$(TARGET_NAME)";
				SUPPORTS_MACCATALYST = YES;
				SWIFT_VERSION = 5.0;
				TARGETED_DEVICE_FAMILY = "1,2";
			};
			name = Release;
		};
/* End XCBuildConfiguration section */

/* Begin XCConfigurationList section */
		D9A0E345267B3DF500C84DFD /* Build configuration list for PBXProject "SwiftUIGo" */ = {
			isa = XCConfigurationList;
			buildConfigurations = (
				D9A0E357267B3DF500C84DFD /* Debug */,
				D9A0E358267B3DF500C84DFD /* Release */,
			);
			defaultConfigurationIsVisible = 0;
			defaultConfigurationName = Release;
		};
		D9A0E359267B3DF500C84DFD /* Build configuration list for PBXNativeTarget "SwiftUIGo" */ = {
			isa = XCConfigurationList;
			buildConfigurations = (
				D9A0E35A267B3DF500C84DFD /* Debug */,
				D9A0E35B267B3DF500C84DFD /* Release */,
			);
			defaultConfigurationIsVisible = 0;
			defaultConfigurationName = Release;
		};
/* End XCConfigurationList section */

/* Begin XCRemoteSwiftPackageReference section */
		D957CEDF26858559008E6F27 /* XCRemoteSwiftPackageReference "MarkdownUI" */ = {
			isa = XCRemoteSwiftPackageReference;
			repositoryURL = "https://github.com/gonzalezreal/MarkdownUI.git";
			requirement = {
				kind = upToNextMinorVersion;
				minimumVersion = 0.5.1;
			};
		};
/* End XCRemoteSwiftPackageReference section */

/* Begin XCSwiftPackageProductDependency section */
		D957CEE026858559008E6F27 /* MarkdownUI */ = {
			isa = XCSwiftPackageProductDependency;
			package = D957CEDF26858559008E6F27 /* XCRemoteSwiftPackageReference "MarkdownUI" */;
			productName = MarkdownUI;
		};
/* End XCSwiftPackageProductDependency section */
	};
	rootObject = D9A0E342267B3DF500C84DFD /* Project object */;
}
