// !$*UTF8*$!
{
	archiveVersion = 1;
	classes = {
	};
	objectVersion = 50;
	objects = {

/* Begin PBXBuildFile section */
		D9A0E34E267B3DF500C84DFD /* SwiftUIGoApp.swift in Sources */ = {isa = PBXBuildFile; fileRef = D9A0E34D267B3DF500C84DFD /* SwiftUIGoApp.swift */; };
		D9A0E352267B3DF500C84DFD /* Assets.xcassets in Resources */ = {isa = PBXBuildFile; fileRef = D9A0E351267B3DF500C84DFD /* Assets.xcassets */; };
		D9A0E355267B3DF500C84DFD /* Preview Assets.xcassets in Resources */ = {isa = PBXBuildFile; fileRef = D9A0E354267B3DF500C84DFD /* Preview Assets.xcassets */; };
		D9A0E377267B4DDA00C84DFD /* MaterialView.swift in Sources */ = {isa = PBXBuildFile; fileRef = D9A0E376267B4DDA00C84DFD /* MaterialView.swift */; };
		D9A0E37F267B508700C84DFD /* MaterialDetailView.swift in Sources */ = {isa = PBXBuildFile; fileRef = D9A0E37E267B508700C84DFD /* MaterialDetailView.swift */; };
		D9A0E383267B535F00C84DFD /* SettingsView.swift in Sources */ = {isa = PBXBuildFile; fileRef = D9A0E382267B535F00C84DFD /* SettingsView.swift */; };
		D9A0E3A9267B552000C84DFD /* Symbols.swift in Sources */ = {isa = PBXBuildFile; fileRef = D9A0E3A8267B552000C84DFD /* Symbols.swift */; };
/* End PBXBuildFile section */

/* Begin PBXFileReference section */
		D9A0E34A267B3DF500C84DFD /* SwiftUIGo.app */ = {isa = PBXFileReference; explicitFileType = wrapper.application; includeInIndex = 0; path = SwiftUIGo.app; sourceTree = BUILT_PRODUCTS_DIR; };
		D9A0E34D267B3DF500C84DFD /* SwiftUIGoApp.swift */ = {isa = PBXFileReference; lastKnownFileType = sourcecode.swift; path = SwiftUIGoApp.swift; sourceTree = "<group>"; };
		D9A0E351267B3DF500C84DFD /* Assets.xcassets */ = {isa = PBXFileReference; lastKnownFileType = folder.assetcatalog; path = Assets.xcassets; sourceTree = "<group>"; };
		D9A0E354267B3DF500C84DFD /* Preview Assets.xcassets */ = {isa = PBXFileReference; lastKnownFileType = folder.assetcatalog; path = "Preview Assets.xcassets"; sourceTree = "<group>"; };
		D9A0E356267B3DF500C84DFD /* Info.plist */ = {isa = PBXFileReference; lastKnownFileType = text.plist.xml; path = Info.plist; sourceTree = "<group>"; };
		D9A0E35E267B3E8000C84DFD /* SwiftUIGo.entitlements */ = {isa = PBXFileReference; lastKnownFileType = text.plist.entitlements; path = SwiftUIGo.entitlements; sourceTree = "<group>"; };
		D9A0E376267B4DDA00C84DFD /* MaterialView.swift */ = {isa = PBXFileReference; lastKnownFileType = sourcecode.swift; path = MaterialView.swift; sourceTree = "<group>"; };
		D9A0E37E267B508700C84DFD /* MaterialDetailView.swift */ = {isa = PBXFileReference; lastKnownFileType = sourcecode.swift; path = MaterialDetailView.swift; sourceTree = "<group>"; };
		D9A0E382267B535F00C84DFD /* SettingsView.swift */ = {isa = PBXFileReference; lastKnownFileType = sourcecode.swift; path = SettingsView.swift; sourceTree = "<group>"; };
		D9A0E3A8267B552000C84DFD /* Symbols.swift */ = {isa = PBXFileReference; lastKnownFileType = sourcecode.swift; path = Symbols.swift; sourceTree = "<group>"; };
/* End PBXFileReference section */

/* Begin PBXFrameworksBuildPhase section */
		D9A0E347267B3DF500C84DFD /* Frameworks */ = {
			isa = PBXFrameworksBuildPhase;
			buildActionMask = 2147483647;
			files = (
			);
			runOnlyForDeploymentPostprocessing = 0;
		};
/* End PBXFrameworksBuildPhase section */

/* Begin PBXGroup section */
		D9A0E341267B3DF500C84DFD = {
			isa = PBXGroup;
			children = (
				D9A0E3A7267B550F00C84DFD /* Commons */,
				D9A0E381267B535600C84DFD /* Settings */,
				D9A0E375267B4D0500C84DFD /* Material */,
				D9A0E34C267B3DF500C84DFD /* SwiftUIGo */,
				D9A0E34B267B3DF500C84DFD /* Products */,
			);
			sourceTree = "<group>";
		};
		D9A0E34B267B3DF500C84DFD /* Products */ = {
			isa = PBXGroup;
			children = (
				D9A0E34A267B3DF500C84DFD /* SwiftUIGo.app */,
			);
			name = Products;
			sourceTree = "<group>";
		};
		D9A0E34C267B3DF500C84DFD /* SwiftUIGo */ = {
			isa = PBXGroup;
			children = (
				D9A0E35E267B3E8000C84DFD /* SwiftUIGo.entitlements */,
				D9A0E34D267B3DF500C84DFD /* SwiftUIGoApp.swift */,
				D9A0E351267B3DF500C84DFD /* Assets.xcassets */,
				D9A0E356267B3DF500C84DFD /* Info.plist */,
				D9A0E353267B3DF500C84DFD /* Preview Content */,
			);
			path = SwiftUIGo;
			sourceTree = "<group>";
		};
		D9A0E353267B3DF500C84DFD /* Preview Content */ = {
			isa = PBXGroup;
			children = (
				D9A0E354267B3DF500C84DFD /* Preview Assets.xcassets */,
			);
			path = "Preview Content";
			sourceTree = "<group>";
		};
		D9A0E375267B4D0500C84DFD /* Material */ = {
			isa = PBXGroup;
			children = (
				D9A0E37C267B500600C84DFD /* SupportViews */,
				D9A0E376267B4DDA00C84DFD /* MaterialView.swift */,
				D9A0E37E267B508700C84DFD /* MaterialDetailView.swift */,
			);
			path = Material;
			sourceTree = "<group>";
		};
		D9A0E37C267B500600C84DFD /* SupportViews */ = {
			isa = PBXGroup;
			children = (
			);
			path = SupportViews;
			sourceTree = "<group>";
		};
		D9A0E381267B535600C84DFD /* Settings */ = {
			isa = PBXGroup;
			children = (
				D9A0E382267B535F00C84DFD /* SettingsView.swift */,
			);
			path = Settings;
			sourceTree = "<group>";
		};
		D9A0E3A7267B550F00C84DFD /* Commons */ = {
			isa = PBXGroup;
			children = (
				D9A0E3A8267B552000C84DFD /* Symbols.swift */,
			);
			path = Commons;
			sourceTree = "<group>";
		};
/* End PBXGroup section */

/* Begin PBXNativeTarget section */
		D9A0E349267B3DF500C84DFD /* SwiftUIGo */ = {
			isa = PBXNativeTarget;
			buildConfigurationList = D9A0E359267B3DF500C84DFD /* Build configuration list for PBXNativeTarget "SwiftUIGo" */;
			buildPhases = (
				D9A0E346267B3DF500C84DFD /* Sources */,
				D9A0E347267B3DF500C84DFD /* Frameworks */,
				D9A0E348267B3DF500C84DFD /* Resources */,
			);
			buildRules = (
			);
			dependencies = (
			);
			name = SwiftUIGo;
			productName = SwiftUIGo;
			productReference = D9A0E34A267B3DF500C84DFD /* SwiftUIGo.app */;
			productType = "com.apple.product-type.application";
		};
/* End PBXNativeTarget section */

/* Begin PBXProject section */
		D9A0E342267B3DF500C84DFD /* Project object */ = {
			isa = PBXProject;
			attributes = {
				LastSwiftUpdateCheck = 1230;
				LastUpgradeCheck = 1230;
				TargetAttributes = {
					D9A0E349267B3DF500C84DFD = {
						CreatedOnToolsVersion = 12.3;
					};
				};
			};
			buildConfigurationList = D9A0E345267B3DF500C84DFD /* Build configuration list for PBXProject "SwiftUIGo" */;
			compatibilityVersion = "Xcode 9.3";
			developmentRegion = en;
			hasScannedForEncodings = 0;
			knownRegions = (
				en,
				Base,
			);
			mainGroup = D9A0E341267B3DF500C84DFD;
			productRefGroup = D9A0E34B267B3DF500C84DFD /* Products */;
			projectDirPath = "";
			projectRoot = "";
			targets = (
				D9A0E349267B3DF500C84DFD /* SwiftUIGo */,
			);
		};
/* End PBXProject section */

/* Begin PBXResourcesBuildPhase section */
		D9A0E348267B3DF500C84DFD /* Resources */ = {
			isa = PBXResourcesBuildPhase;
			buildActionMask = 2147483647;
			files = (
				D9A0E355267B3DF500C84DFD /* Preview Assets.xcassets in Resources */,
				D9A0E352267B3DF500C84DFD /* Assets.xcassets in Resources */,
			);
			runOnlyForDeploymentPostprocessing = 0;
		};
/* End PBXResourcesBuildPhase section */

/* Begin PBXSourcesBuildPhase section */
		D9A0E346267B3DF500C84DFD /* Sources */ = {
			isa = PBXSourcesBuildPhase;
			buildActionMask = 2147483647;
			files = (
				D9A0E3A9267B552000C84DFD /* Symbols.swift in Sources */,
				D9A0E377267B4DDA00C84DFD /* MaterialView.swift in Sources */,
				D9A0E383267B535F00C84DFD /* SettingsView.swift in Sources */,
				D9A0E34E267B3DF500C84DFD /* SwiftUIGoApp.swift in Sources */,
				D9A0E37F267B508700C84DFD /* MaterialDetailView.swift in Sources */,
			);
			runOnlyForDeploymentPostprocessing = 0;
		};
/* End PBXSourcesBuildPhase section */

/* Begin XCBuildConfiguration section */
		D9A0E357267B3DF500C84DFD /* Debug */ = {
			isa = XCBuildConfiguration;
			buildSettings = {
				ALWAYS_SEARCH_USER_PATHS = NO;
				CLANG_ANALYZER_NONNULL = YES;
				CLANG_ANALYZER_NUMBER_OBJECT_CONVERSION = YES_AGGRESSIVE;
				CLANG_CXX_LANGUAGE_STANDARD = "gnu++14";
				CLANG_CXX_LIBRARY = "libc++";
				CLANG_ENABLE_MODULES = YES;
				CLANG_ENABLE_OBJC_ARC = YES;
				CLANG_ENABLE_OBJC_WEAK = YES;
				CLANG_WARN_BLOCK_CAPTURE_AUTORELEASING = YES;
				CLANG_WARN_BOOL_CONVERSION = YES;
				CLANG_WARN_COMMA = YES;
				CLANG_WARN_CONSTANT_CONVERSION = YES;
				CLANG_WARN_DEPRECATED_OBJC_IMPLEMENTATIONS = YES;
				CLANG_WARN_DIRECT_OBJC_ISA_USAGE = YES_ERROR;
				CLANG_WARN_DOCUMENTATION_COMMENTS = YES;
				CLANG_WARN_EMPTY_BODY = YES;
				CLANG_WARN_ENUM_CONVERSION = YES;
				CLANG_WARN_INFINITE_RECURSION = YES;
				CLANG_WARN_INT_CONVERSION = YES;
				CLANG_WARN_NON_LITERAL_NULL_CONVERSION = YES;
				CLANG_WARN_OBJC_IMPLICIT_RETAIN_SELF = YES;
				CLANG_WARN_OBJC_LITERAL_CONVERSION = YES;
				CLANG_WARN_OBJC_ROOT_CLASS = YES_ERROR;
				CLANG_WARN_QUOTED_INCLUDE_IN_FRAMEWORK_HEADER = YES;
				CLANG_WARN_RANGE_LOOP_ANALYSIS = YES;
				CLANG_WARN_STRICT_PROTOTYPES = YES;
				CLANG_WARN_SUSPICIOUS_MOVE = YES;
				CLANG_WARN_UNGUARDED_AVAILABILITY = YES_AGGRESSIVE;
				CLANG_WARN_UNREACHABLE_CODE = YES;
				CLANG_WARN__DUPLICATE_METHOD_MATCH = YES;
				COPY_PHASE_STRIP = NO;
				DEBUG_INFORMATION_FORMAT = dwarf;
				ENABLE_STRICT_OBJC_MSGSEND = YES;
				ENABLE_TESTABILITY = YES;
				GCC_C_LANGUAGE_STANDARD = gnu11;
				GCC_DYNAMIC_NO_PIC = NO;
				GCC_NO_COMMON_BLOCKS = YES;
				GCC_OPTIMIZATION_LEVEL = 0;
				GCC_PREPROCESSOR_DEFINITIONS = (
					"DEBUG=1",
					"$(inherited)",
				);
				GCC_WARN_64_TO_32_BIT_CONVERSION = YES;
				GCC_WARN_ABOUT_RETURN_TYPE = YES_ERROR;
				GCC_WARN_UNDECLARED_SELECTOR = YES;
				GCC_WARN_UNINITIALIZED_AUTOS = YES_AGGRESSIVE;
				GCC_WARN_UNUSED_FUNCTION = YES;
				GCC_WARN_UNUSED_VARIABLE = YES;
				IPHONEOS_DEPLOYMENT_TARGET = 14.0;
				MTL_ENABLE_DEBUG_INFO = INCLUDE_SOURCE;
				MTL_FAST_MATH = YES;
				ONLY_ACTIVE_ARCH = YES;
				SDKROOT = iphoneos;
				SWIFT_ACTIVE_COMPILATION_CONDITIONS = DEBUG;
				SWIFT_OPTIMIZATION_LEVEL = "-Onone";
			};
			name = Debug;
		};
		D9A0E358267B3DF500C84DFD /* Release */ = {
			isa = XCBuildConfiguration;
			buildSettings = {
				ALWAYS_SEARCH_USER_PATHS = NO;
				CLANG_ANALYZER_NONNULL = YES;
				CLANG_ANALYZER_NUMBER_OBJECT_CONVERSION = YES_AGGRESSIVE;
				CLANG_CXX_LANGUAGE_STANDARD = "gnu++14";
				CLANG_CXX_LIBRARY = "libc++";
				CLANG_ENABLE_MODULES = YES;
				CLANG_ENABLE_OBJC_ARC = YES;
				CLANG_ENABLE_OBJC_WEAK = YES;
				CLANG_WARN_BLOCK_CAPTURE_AUTORELEASING = YES;
				CLANG_WARN_BOOL_CONVERSION = YES;
				CLANG_WARN_COMMA = YES;
				CLANG_WARN_CONSTANT_CONVERSION = YES;
				CLANG_WARN_DEPRECATED_OBJC_IMPLEMENTATIONS = YES;
				CLANG_WARN_DIRECT_OBJC_ISA_USAGE = YES_ERROR;
				CLANG_WARN_DOCUMENTATION_COMMENTS = YES;
				CLANG_WARN_EMPTY_BODY = YES;
				CLANG_WARN_ENUM_CONVERSION = YES;
				CLANG_WARN_INFINITE_RECURSION = YES;
				CLANG_WARN_INT_CONVERSION = YES;
				CLANG_WARN_NON_LITERAL_NULL_CONVERSION = YES;
				CLANG_WARN_OBJC_IMPLICIT_RETAIN_SELF = YES;
				CLANG_WARN_OBJC_LITERAL_CONVERSION = YES;
				CLANG_WARN_OBJC_ROOT_CLASS = YES_ERROR;
				CLANG_WARN_QUOTED_INCLUDE_IN_FRAMEWORK_HEADER = YES;
				CLANG_WARN_RANGE_LOOP_ANALYSIS = YES;
				CLANG_WARN_STRICT_PROTOTYPES = YES;
				CLANG_WARN_SUSPICIOUS_MOVE = YES;
				CLANG_WARN_UNGUARDED_AVAILABILITY = YES_AGGRESSIVE;
				CLANG_WARN_UNREACHABLE_CODE = YES;
				CLANG_WARN__DUPLICATE_METHOD_MATCH = YES;
				COPY_PHASE_STRIP = NO;
				DEBUG_INFORMATION_FORMAT = "dwarf-with-dsym";
				ENABLE_NS_ASSERTIONS = NO;
				ENABLE_STRICT_OBJC_MSGSEND = YES;
				GCC_C_LANGUAGE_STANDARD = gnu11;
				GCC_NO_COMMON_BLOCKS = YES;
				GCC_WARN_64_TO_32_BIT_CONVERSION = YES;
				GCC_WARN_ABOUT_RETURN_TYPE = YES_ERROR;
				GCC_WARN_UNDECLARED_SELECTOR = YES;
				GCC_WARN_UNINITIALIZED_AUTOS = YES_AGGRESSIVE;
				GCC_WARN_UNUSED_FUNCTION = YES;
				GCC_WARN_UNUSED_VARIABLE = YES;
				IPHONEOS_DEPLOYMENT_TARGET = 14.0;
				MTL_ENABLE_DEBUG_INFO = NO;
				MTL_FAST_MATH = YES;
				SDKROOT = iphoneos;
				SWIFT_COMPILATION_MODE = wholemodule;
				SWIFT_OPTIMIZATION_LEVEL = "-O";
				VALIDATE_PRODUCT = YES;
			};
			name = Release;
		};
		D9A0E35A267B3DF500C84DFD /* Debug */ = {
			isa = XCBuildConfiguration;
			buildSettings = {
				ASSETCATALOG_COMPILER_APPICON_NAME = AppIcon;
				ASSETCATALOG_COMPILER_GLOBAL_ACCENT_COLOR_NAME = AccentColor;
				CODE_SIGN_ENTITLEMENTS = SwiftUIGo/SwiftUIGo.entitlements;
				"CODE_SIGN_IDENTITY[sdk=macosx*]" = "-";
				CODE_SIGN_STYLE = Automatic;
				DEVELOPMENT_ASSET_PATHS = "\"SwiftUIGo/Preview Content\"";
				DEVELOPMENT_TEAM = "";
				ENABLE_PREVIEWS = YES;
				INFOPLIST_FILE = SwiftUIGo/Info.plist;
				IPHONEOS_DEPLOYMENT_TARGET = 14.0;
				LD_RUNPATH_SEARCH_PATHS = (
					"$(inherited)",
					"@executable_path/Frameworks",
				);
				PRODUCT_BUNDLE_IDENTIFIER = paopao.design.SwiftUIGo;
				PRODUCT_NAME = "$(TARGET_NAME)";
				SUPPORTS_MACCATALYST = YES;
				SWIFT_VERSION = 5.0;
				TARGETED_DEVICE_FAMILY = "1,2";
			};
			name = Debug;
		};
		D9A0E35B267B3DF500C84DFD /* Release */ = {
			isa = XCBuildConfiguration;
			buildSettings = {
				ASSETCATALOG_COMPILER_APPICON_NAME = AppIcon;
				ASSETCATALOG_COMPILER_GLOBAL_ACCENT_COLOR_NAME = AccentColor;
				CODE_SIGN_ENTITLEMENTS = SwiftUIGo/SwiftUIGo.entitlements;
				"CODE_SIGN_IDENTITY[sdk=macosx*]" = "-";
				CODE_SIGN_STYLE = Automatic;
				DEVELOPMENT_ASSET_PATHS = "\"SwiftUIGo/Preview Content\"";
				DEVELOPMENT_TEAM = "";
				ENABLE_PREVIEWS = YES;
				INFOPLIST_FILE = SwiftUIGo/Info.plist;
				IPHONEOS_DEPLOYMENT_TARGET = 14.0;
				LD_RUNPATH_SEARCH_PATHS = (
					"$(inherited)",
					"@executable_path/Frameworks",
				);
				PRODUCT_BUNDLE_IDENTIFIER = paopao.design.SwiftUIGo;
				PRODUCT_NAME = "$(TARGET_NAME)";
				SUPPORTS_MACCATALYST = YES;
				SWIFT_VERSION = 5.0;
				TARGETED_DEVICE_FAMILY = "1,2";
			};
			name = Release;
		};
/* End XCBuildConfiguration section */

/* Begin XCConfigurationList section */
		D9A0E345267B3DF500C84DFD /* Build configuration list for PBXProject "SwiftUIGo" */ = {
			isa = XCConfigurationList;
			buildConfigurations = (
				D9A0E357267B3DF500C84DFD /* Debug */,
				D9A0E358267B3DF500C84DFD /* Release */,
			);
			defaultConfigurationIsVisible = 0;
			defaultConfigurationName = Release;
		};
		D9A0E359267B3DF500C84DFD /* Build configuration list for PBXNativeTarget "SwiftUIGo" */ = {
			isa = XCConfigurationList;
			buildConfigurations = (
				D9A0E35A267B3DF500C84DFD /* Debug */,
				D9A0E35B267B3DF500C84DFD /* Release */,
			);
			defaultConfigurationIsVisible = 0;
			defaultConfigurationName = Release;
		};
/* End XCConfigurationList section */
	};
	rootObject = D9A0E342267B3DF500C84DFD /* Project object */;
}
